
Microsoft Visual Studio Solution File, Format Version 12.00
# Visual Studio Version 17
VisualStudioVersion = 17.3.32901.215
MinimumVisualStudioVersion = 10.0.40219.1
Project("{FAE04EC0-301F-11D3-BF4B-00C04F79EFBC}") = "WebApplication1", "WebApplication1\WebApplication1.csproj", "{07467533-91A9-4531-9D2F-5401E00EBF01}"
EndProject
Global
	GlobalSection(SolutionConfigurationPlatforms) = preSolution
		Debug|Any CPU = Debug|Any CPU
		Release|Any CPU = Release|Any CPU
	EndGlobalSection
	GlobalSection(ProjectConfigurationPlatforms) = postSolution
		{07467533-91A9-4531-9D2F-5401E00EBF01}.Debug|Any CPU.ActiveCfg = Debug|Any CPU
		{07467533-91A9-4531-9D2F-5401E00EBF01}.Debug|Any CPU.Build.0 = Debug|Any CPU
		{07467533-91A9-4531-9D2F-5401E00EBF01}.Release|Any CPU.ActiveCfg = Release|Any CPU
		{07467533-91A9-4531-9D2F-5401E00EBF01}.Release|Any CPU.Build.0 = Release|Any CPU
	EndGlobalSection
	GlobalSection(SolutionProperties) = preSolution
		HideSolutionNode = FALSE
	EndGlobalSection
	GlobalSection(ExtensibilityGlobals) = postSolution
		SolutionGuid = {F3B6A0CC-1AE1-4FE4-ABE0-D5672B2006CA}
	EndGlobalSection
EndGlobal
